{
  "name": "projeto-restaurante-backend",
  "version": "1.0.0",
  "description": "Backend do projeto de restaurante",
  "main": "app.js",
  "scripts": {
    "start": "node app.js"
  },
  "keywords": [],
  "author": "Seu Nome",
  "license": "ISC",
  "dependencies": {
    "express": "^4.17.1",
    "mongoose": "^6.0.12"
    // outras dependências necessárias
  }
}
